// !$*UTF8*$!
{
	archiveVersion = 1;
	classes = {
	};
	objectVersion = 46;
	objects = {

/* Begin PBXBuildFile section */
		96734B701DC6541A00B62FAE /* Main.storyboard in Resources */ = {isa = PBXBuildFile; fileRef = 96734B6E1DC6541A00B62FAE /* Main.storyboard */; };
		9692B5211DC8E50B00D0BD00 /* CourseTableViewController.m in Sources */ = {isa = PBXBuildFile; fileRef = 9692B5201DC8E50B00D0BD00 /* CourseTableViewController.m */; };
		9692B52E1DC8E59000D0BD00 /* Teacher+CoreDataProperties.m in Sources */ = {isa = PBXBuildFile; fileRef = 9692B5231DC8E59000D0BD00 /* Teacher+CoreDataProperties.m */; };
		9692B52F1DC8E59000D0BD00 /* Teacher.m in Sources */ = {isa = PBXBuildFile; fileRef = 9692B5251DC8E59000D0BD00 /* Teacher.m */; };
		9692B5301DC8E59000D0BD00 /* Course+CoreDataProperties.m in Sources */ = {isa = PBXBuildFile; fileRef = 9692B5271DC8E59000D0BD00 /* Course+CoreDataProperties.m */; };
		9692B5311DC8E59000D0BD00 /* Course.m in Sources */ = {isa = PBXBuildFile; fileRef = 9692B5291DC8E59000D0BD00 /* Course.m */; };
		9692B5321DC8E59000D0BD00 /* User+CoreDataProperties.m in Sources */ = {isa = PBXBuildFile; fileRef = 9692B52B1DC8E59000D0BD00 /* User+CoreDataProperties.m */; };
		9692B5331DC8E59000D0BD00 /* User.m in Sources */ = {isa = PBXBuildFile; fileRef = 9692B52D1DC8E59000D0BD00 /* User.m */; };
		9692B5371DC8EDCC00D0BD00 /* AddCoursesViewController.m in Sources */ = {isa = PBXBuildFile; fileRef = 9692B5361DC8EDCC00D0BD00 /* AddCoursesViewController.m */; };
		9692B53A1DC8F45500D0BD00 /* CourseCell.m in Sources */ = {isa = PBXBuildFile; fileRef = 9692B5391DC8F45500D0BD00 /* CourseCell.m */; };
		9692B53D1DC8FD1400D0BD00 /* AddUserCell.m in Sources */ = {isa = PBXBuildFile; fileRef = 9692B53C1DC8FD1400D0BD00 /* AddUserCell.m */; };
		9692B5401DC90AD900D0BD00 /* ManagerTableViewController.m in Sources */ = {isa = PBXBuildFile; fileRef = 9692B53F1DC90AD900D0BD00 /* ManagerTableViewController.m */; };
		969A43601DC9FD8500B16FB8 /* TeacherTableViewController.m in Sources */ = {isa = PBXBuildFile; fileRef = 969A435F1DC9FD8500B16FB8 /* TeacherTableViewController.m */; };
		969A43631DC9FEF800B16FB8 /* AddTeacherViewController.m in Sources */ = {isa = PBXBuildFile; fileRef = 969A43621DC9FEF800B16FB8 /* AddTeacherViewController.m */; };
		96D028851DC4880A0069AEB4 /* main.m in Sources */ = {isa = PBXBuildFile; fileRef = 96D028841DC4880A0069AEB4 /* main.m */; };
		96D028881DC4880A0069AEB4 /* AppDelegate.m in Sources */ = {isa = PBXBuildFile; fileRef = 96D028871DC4880A0069AEB4 /* AppDelegate.m */; };
		96D028911DC4880A0069AEB4 /* CoreData.xcdatamodeld in Sources */ = {isa = PBXBuildFile; fileRef = 96D0288F1DC4880A0069AEB4 /* CoreData.xcdatamodeld */; };
		96D028931DC4880A0069AEB4 /* Assets.xcassets in Resources */ = {isa = PBXBuildFile; fileRef = 96D028921DC4880A0069AEB4 /* Assets.xcassets */; };
		96D028961DC4880A0069AEB4 /* LaunchScreen.storyboard in Resources */ = {isa = PBXBuildFile; fileRef = 96D028941DC4880A0069AEB4 /* LaunchScreen.storyboard */; };
		96D0289F1DC48F1A0069AEB4 /* MainUserController.m in Sources */ = {isa = PBXBuildFile; fileRef = 96D0289E1DC48F1A0069AEB4 /* MainUserController.m */; };
		96D028A61DC4A1000069AEB4 /* DataManager.m in Sources */ = {isa = PBXBuildFile; fileRef = 96D028A51DC4A1000069AEB4 /* DataManager.m */; };
		96D028B01DC4FBA30069AEB4 /* MainTableViewController.m in Sources */ = {isa = PBXBuildFile; fileRef = 96D028AF1DC4FBA30069AEB4 /* MainTableViewController.m */; };
		96D028B31DC500FE0069AEB4 /* AddUserViewController.m in Sources */ = {isa = PBXBuildFile; fileRef = 96D028B21DC500FE0069AEB4 /* AddUserViewController.m */; };
		96D028B91DC507AC0069AEB4 /* UserCell.m in Sources */ = {isa = PBXBuildFile; fileRef = 96D028B81DC507AC0069AEB4 /* UserCell.m */; };
/* End PBXBuildFile section */

/* Begin PBXFileReference section */
		96734B6F1DC6541A00B62FAE /* Base */ = {isa = PBXFileReference; lastKnownFileType = file.storyboard; name = Base; path = Base.lproj/Main.storyboard; sourceTree = "<group>"; };
		9692B51F1DC8E50B00D0BD00 /* CourseTableViewController.h */ = {isa = PBXFileReference; fileEncoding = 4; lastKnownFileType = sourcecode.c.h; path = CourseTableViewController.h; sourceTree = "<group>"; };
		9692B5201DC8E50B00D0BD00 /* CourseTableViewController.m */ = {isa = PBXFileReference; fileEncoding = 4; lastKnownFileType = sourcecode.c.objc; path = CourseTableViewController.m; sourceTree = "<group>"; };
		9692B5221DC8E59000D0BD00 /* Teacher+CoreDataProperties.h */ = {isa = PBXFileReference; fileEncoding = 4; lastKnownFileType = sourcecode.c.h; path = "Teacher+CoreDataProperties.h"; sourceTree = "<group>"; };
		9692B5231DC8E59000D0BD00 /* Teacher+CoreDataProperties.m */ = {isa = PBXFileReference; fileEncoding = 4; lastKnownFileType = sourcecode.c.objc; path = "Teacher+CoreDataProperties.m"; sourceTree = "<group>"; };
		9692B5241DC8E59000D0BD00 /* Teacher.h */ = {isa = PBXFileReference; fileEncoding = 4; lastKnownFileType = sourcecode.c.h; path = Teacher.h; sourceTree = "<group>"; };
		9692B5251DC8E59000D0BD00 /* Teacher.m */ = {isa = PBXFileReference; fileEncoding = 4; lastKnownFileType = sourcecode.c.objc; path = Teacher.m; sourceTree = "<group>"; };
		9692B5261DC8E59000D0BD00 /* Course+CoreDataProperties.h */ = {isa = PBXFileReference; fileEncoding = 4; lastKnownFileType = sourcecode.c.h; path = "Course+CoreDataProperties.h"; sourceTree = "<group>"; };
		9692B5271DC8E59000D0BD00 /* Course+CoreDataProperties.m */ = {isa = PBXFileReference; fileEncoding = 4; lastKnownFileType = sourcecode.c.objc; path = "Course+CoreDataProperties.m"; sourceTree = "<group>"; };
		9692B5281DC8E59000D0BD00 /* Course.h */ = {isa = PBXFileReference; fileEncoding = 4; lastKnownFileType = sourcecode.c.h; path = Course.h; sourceTree = "<group>"; };
		9692B5291DC8E59000D0BD00 /* Course.m */ = {isa = PBXFileReference; fileEncoding = 4; lastKnownFileType = sourcecode.c.objc; path = Course.m; sourceTree = "<group>"; };
		9692B52A1DC8E59000D0BD00 /* User+CoreDataProperties.h */ = {isa = PBXFileReference; fileEncoding = 4; lastKnownFileType = sourcecode.c.h; path = "User+CoreDataProperties.h"; sourceTree = "<group>"; };
		9692B52B1DC8E59000D0BD00 /* User+CoreDataProperties.m */ = {isa = PBXFileReference; fileEncoding = 4; lastKnownFileType = sourcecode.c.objc; path = "User+CoreDataProperties.m"; sourceTree = "<group>"; };
		9692B52C1DC8E59000D0BD00 /* User.h */ = {isa = PBXFileReference; fileEncoding = 4; lastKnownFileType = sourcecode.c.h; path = User.h; sourceTree = "<group>"; };
		9692B52D1DC8E59000D0BD00 /* User.m */ = {isa = PBXFileReference; fileEncoding = 4; lastKnownFileType = sourcecode.c.objc; path = User.m; sourceTree = "<group>"; };
		9692B5351DC8EDCC00D0BD00 /* AddCoursesViewController.h */ = {isa = PBXFileReference; fileEncoding = 4; lastKnownFileType = sourcecode.c.h; path = AddCoursesViewController.h; sourceTree = "<group>"; };
		9692B5361DC8EDCC00D0BD00 /* AddCoursesViewController.m */ = {isa = PBXFileReference; fileEncoding = 4; lastKnownFileType = sourcecode.c.objc; path = AddCoursesViewController.m; sourceTree = "<group>"; };
		9692B5381DC8F45500D0BD00 /* CourseCell.h */ = {isa = PBXFileReference; fileEncoding = 4; lastKnownFileType = sourcecode.c.h; path = CourseCell.h; sourceTree = "<group>"; };
		9692B5391DC8F45500D0BD00 /* CourseCell.m */ = {isa = PBXFileReference; fileEncoding = 4; lastKnownFileType = sourcecode.c.objc; path = CourseCell.m; sourceTree = "<group>"; };
		9692B53B1DC8FD1400D0BD00 /* AddUserCell.h */ = {isa = PBXFileReference; fileEncoding = 4; lastKnownFileType = sourcecode.c.h; path = AddUserCell.h; sourceTree = "<group>"; };
		9692B53C1DC8FD1400D0BD00 /* AddUserCell.m */ = {isa = PBXFileReference; fileEncoding = 4; lastKnownFileType = sourcecode.c.objc; path = AddUserCell.m; sourceTree = "<group>"; };
		9692B53E1DC90AD900D0BD00 /* ManagerTableViewController.h */ = {isa = PBXFileReference; fileEncoding = 4; lastKnownFileType = sourcecode.c.h; path = ManagerTableViewController.h; sourceTree = "<group>"; };
		9692B53F1DC90AD900D0BD00 /* ManagerTableViewController.m */ = {isa = PBXFileReference; fileEncoding = 4; lastKnownFileType = sourcecode.c.objc; path = ManagerTableViewController.m; sourceTree = "<group>"; };
		969A435E1DC9FD8500B16FB8 /* TeacherTableViewController.h */ = {isa = PBXFileReference; fileEncoding = 4; lastKnownFileType = sourcecode.c.h; path = TeacherTableViewController.h; sourceTree = "<group>"; };
		969A435F1DC9FD8500B16FB8 /* TeacherTableViewController.m */ = {isa = PBXFileReference; fileEncoding = 4; lastKnownFileType = sourcecode.c.objc; path = TeacherTableViewController.m; sourceTree = "<group>"; };
		969A43611DC9FEF800B16FB8 /* AddTeacherViewController.h */ = {isa = PBXFileReference; fileEncoding = 4; lastKnownFileType = sourcecode.c.h; path = AddTeacherViewController.h; sourceTree = "<group>"; };
		969A43621DC9FEF800B16FB8 /* AddTeacherViewController.m */ = {isa = PBXFileReference; fileEncoding = 4; lastKnownFileType = sourcecode.c.objc; path = AddTeacherViewController.m; sourceTree = "<group>"; };
		96D028801DC4880A0069AEB4 /* CoreData.app */ = {isa = PBXFileReference; explicitFileType = wrapper.application; includeInIndex = 0; path = CoreData.app; sourceTree = BUILT_PRODUCTS_DIR; };
		96D028841DC4880A0069AEB4 /* main.m */ = {isa = PBXFileReference; lastKnownFileType = sourcecode.c.objc; path = main.m; sourceTree = "<group>"; };
		96D028861DC4880A0069AEB4 /* AppDelegate.h */ = {isa = PBXFileReference; lastKnownFileType = sourcecode.c.h; path = AppDelegate.h; sourceTree = "<group>"; };
		96D028871DC4880A0069AEB4 /* AppDelegate.m */ = {isa = PBXFileReference; lastKnownFileType = sourcecode.c.objc; path = AppDelegate.m; sourceTree = "<group>"; };
		96D028901DC4880A0069AEB4 /* CoreData.xcdatamodel */ = {isa = PBXFileReference; lastKnownFileType = wrapper.xcdatamodel; path = CoreData.xcdatamodel; sourceTree = "<group>"; };
		96D028921DC4880A0069AEB4 /* Assets.xcassets */ = {isa = PBXFileReference; lastKnownFileType = folder.assetcatalog; path = Assets.xcassets; sourceTree = "<group>"; };
		96D028951DC4880A0069AEB4 /* Base */ = {isa = PBXFileReference; lastKnownFileType = file.storyboard; name = Base; path = Base.lproj/LaunchScreen.storyboard; sourceTree = "<group>"; };
		96D028971DC4880A0069AEB4 /* Info.plist */ = {isa = PBXFileReference; lastKnownFileType = text.plist.xml; path = Info.plist; sourceTree = "<group>"; };
		96D0289D1DC48F1A0069AEB4 /* MainUserController.h */ = {isa = PBXFileReference; fileEncoding = 4; lastKnownFileType = sourcecode.c.h; path = MainUserController.h; sourceTree = "<group>"; };
		96D0289E1DC48F1A0069AEB4 /* MainUserController.m */ = {isa = PBXFileReference; fileEncoding = 4; lastKnownFileType = sourcecode.c.objc; path = MainUserController.m; sourceTree = "<group>"; };
		96D028A41DC4A1000069AEB4 /* DataManager.h */ = {isa = PBXFileReference; fileEncoding = 4; lastKnownFileType = sourcecode.c.h; path = DataManager.h; sourceTree = "<group>"; };
		96D028A51DC4A1000069AEB4 /* DataManager.m */ = {isa = PBXFileReference; fileEncoding = 4; lastKnownFileType = sourcecode.c.objc; path = DataManager.m; sourceTree = "<group>"; };
		96D028AE1DC4FBA30069AEB4 /* MainTableViewController.h */ = {isa = PBXFileReference; fileEncoding = 4; lastKnownFileType = sourcecode.c.h; path = MainTableViewController.h; sourceTree = "<group>"; };
		96D028AF1DC4FBA30069AEB4 /* MainTableViewController.m */ = {isa = PBXFileReference; fileEncoding = 4; lastKnownFileType = sourcecode.c.objc; path = MainTableViewController.m; sourceTree = "<group>"; };
		96D028B11DC500FE0069AEB4 /* AddUserViewController.h */ = {isa = PBXFileReference; fileEncoding = 4; lastKnownFileType = sourcecode.c.h; path = AddUserViewController.h; sourceTree = "<group>"; };
		96D028B21DC500FE0069AEB4 /* AddUserViewController.m */ = {isa = PBXFileReference; fileEncoding = 4; lastKnownFileType = sourcecode.c.objc; path = AddUserViewController.m; sourceTree = "<group>"; };
		96D028B71DC507AC0069AEB4 /* UserCell.h */ = {isa = PBXFileReference; fileEncoding = 4; lastKnownFileType = sourcecode.c.h; path = UserCell.h; sourceTree = "<group>"; };
		96D028B81DC507AC0069AEB4 /* UserCell.m */ = {isa = PBXFileReference; fileEncoding = 4; lastKnownFileType = sourcecode.c.objc; path = UserCell.m; sourceTree = "<group>"; };
/* End PBXFileReference section */

/* Begin PBXFrameworksBuildPhase section */
		96D0287D1DC4880A0069AEB4 /* Frameworks */ = {
			isa = PBXFrameworksBuildPhase;
			buildActionMask = 2147483647;
			files = (
			);
			runOnlyForDeploymentPostprocessing = 0;
		};
/* End PBXFrameworksBuildPhase section */

/* Begin PBXGroup section */
		9692B5341DC8EC8D00D0BD00 /* ManageControllers */ = {
			isa = PBXGroup;
			children = (
				96D028B11DC500FE0069AEB4 /* AddUserViewController.h */,
				96D028B21DC500FE0069AEB4 /* AddUserViewController.m */,
				9692B5351DC8EDCC00D0BD00 /* AddCoursesViewController.h */,
				9692B5361DC8EDCC00D0BD00 /* AddCoursesViewController.m */,
				969A43611DC9FEF800B16FB8 /* AddTeacherViewController.h */,
				969A43621DC9FEF800B16FB8 /* AddTeacherViewController.m */,
			);
			name = ManageControllers;
			path = ..;
			sourceTree = "<group>";
		};
		96D028771DC4880A0069AEB4 = {
			isa = PBXGroup;
			children = (
				96D028BA1DC507B60069AEB4 /* cell */,
				96D028AD1DC4A9750069AEB4 /* Models */,
				96D028821DC4880A0069AEB4 /* CoreData */,
				96D028811DC4880A0069AEB4 /* Products */,
			);
			sourceTree = "<group>";
		};
		96D028811DC4880A0069AEB4 /* Products */ = {
			isa = PBXGroup;
			children = (
				96D028801DC4880A0069AEB4 /* CoreData.app */,
			);
			name = Products;
			sourceTree = "<group>";
		};
		96D028821DC4880A0069AEB4 /* CoreData */ = {
			isa = PBXGroup;
			children = (
				96D028A41DC4A1000069AEB4 /* DataManager.h */,
				96D028A51DC4A1000069AEB4 /* DataManager.m */,
				9692B5341DC8EC8D00D0BD00 /* ManageControllers */,
				96D028A01DC48F2A0069AEB4 /* Controllers */,
				96D028A11DC48F6E0069AEB4 /* interFace */,
				96D0288F1DC4880A0069AEB4 /* CoreData.xcdatamodeld */,
				96D028831DC4880A0069AEB4 /* Supporting Files */,
			);
			path = CoreData;
			sourceTree = "<group>";
		};
		96D028831DC4880A0069AEB4 /* Supporting Files */ = {
			isa = PBXGroup;
			children = (
				96D028861DC4880A0069AEB4 /* AppDelegate.h */,
				96D028871DC4880A0069AEB4 /* AppDelegate.m */,
				96D028921DC4880A0069AEB4 /* Assets.xcassets */,
				96D028971DC4880A0069AEB4 /* Info.plist */,
				96D028841DC4880A0069AEB4 /* main.m */,
			);
			name = "Supporting Files";
			sourceTree = "<group>";
		};
		96D028A01DC48F2A0069AEB4 /* Controllers */ = {
			isa = PBXGroup;
			children = (
				9692B51F1DC8E50B00D0BD00 /* CourseTableViewController.h */,
				9692B5201DC8E50B00D0BD00 /* CourseTableViewController.m */,
				96D028AE1DC4FBA30069AEB4 /* MainTableViewController.h */,
				96D028AF1DC4FBA30069AEB4 /* MainTableViewController.m */,
				96D0289D1DC48F1A0069AEB4 /* MainUserController.h */,
				96D0289E1DC48F1A0069AEB4 /* MainUserController.m */,
				9692B53E1DC90AD900D0BD00 /* ManagerTableViewController.h */,
				9692B53F1DC90AD900D0BD00 /* ManagerTableViewController.m */,
				969A435E1DC9FD8500B16FB8 /* TeacherTableViewController.h */,
				969A435F1DC9FD8500B16FB8 /* TeacherTableViewController.m */,
			);
			name = Controllers;
			path = ..;
			sourceTree = "<group>";
		};
		96D028A11DC48F6E0069AEB4 /* interFace */ = {
			isa = PBXGroup;
			children = (
				96734B6E1DC6541A00B62FAE /* Main.storyboard */,
				96D028941DC4880A0069AEB4 /* LaunchScreen.storyboard */,
			);
			name = interFace;
			sourceTree = "<group>";
		};
		96D028AD1DC4A9750069AEB4 /* Models */ = {
			isa = PBXGroup;
			children = (
				9692B5221DC8E59000D0BD00 /* Teacher+CoreDataProperties.h */,
				9692B5231DC8E59000D0BD00 /* Teacher+CoreDataProperties.m */,
				9692B5241DC8E59000D0BD00 /* Teacher.h */,
				9692B5251DC8E59000D0BD00 /* Teacher.m */,
				9692B5261DC8E59000D0BD00 /* Course+CoreDataProperties.h */,
				9692B5271DC8E59000D0BD00 /* Course+CoreDataProperties.m */,
				9692B5281DC8E59000D0BD00 /* Course.h */,
				9692B5291DC8E59000D0BD00 /* Course.m */,
				9692B52A1DC8E59000D0BD00 /* User+CoreDataProperties.h */,
				9692B52B1DC8E59000D0BD00 /* User+CoreDataProperties.m */,
				9692B52C1DC8E59000D0BD00 /* User.h */,
				9692B52D1DC8E59000D0BD00 /* User.m */,
			);
			name = Models;
			sourceTree = "<group>";
		};
		96D028BA1DC507B60069AEB4 /* cell */ = {
			isa = PBXGroup;
			children = (
				96D028B71DC507AC0069AEB4 /* UserCell.h */,
				96D028B81DC507AC0069AEB4 /* UserCell.m */,
				9692B5381DC8F45500D0BD00 /* CourseCell.h */,
				9692B5391DC8F45500D0BD00 /* CourseCell.m */,
				9692B53B1DC8FD1400D0BD00 /* AddUserCell.h */,
				9692B53C1DC8FD1400D0BD00 /* AddUserCell.m */,
			);
			name = cell;
			sourceTree = "<group>";
		};
/* End PBXGroup section */

/* Begin PBXNativeTarget section */
		96D0287F1DC4880A0069AEB4 /* CoreData */ = {
			isa = PBXNativeTarget;
			buildConfigurationList = 96D0289A1DC4880A0069AEB4 /* Build configuration list for PBXNativeTarget "CoreData" */;
			buildPhases = (
				96D0287C1DC4880A0069AEB4 /* Sources */,
				96D0287D1DC4880A0069AEB4 /* Frameworks */,
				96D0287E1DC4880A0069AEB4 /* Resources */,
			);
			buildRules = (
			);
			dependencies = (
			);
			name = CoreData;
			productName = CoreData;
			productReference = 96D028801DC4880A0069AEB4 /* CoreData.app */;
			productType = "com.apple.product-type.application";
		};
/* End PBXNativeTarget section */

/* Begin PBXProject section */
		96D028781DC4880A0069AEB4 /* Project object */ = {
			isa = PBXProject;
			attributes = {
				LastUpgradeCheck = 0730;
				ORGANIZATIONNAME = EnzoF;
				TargetAttributes = {
					96D0287F1DC4880A0069AEB4 = {
						CreatedOnToolsVersion = 7.3.1;
						DevelopmentTeam = FTL8887NNR;
					};
				};
			};
			buildConfigurationList = 96D0287B1DC4880A0069AEB4 /* Build configuration list for PBXProject "CoreData" */;
			compatibilityVersion = "Xcode 3.2";
			developmentRegion = English;
			hasScannedForEncodings = 0;
			knownRegions = (
				en,
				Base,
			);
			mainGroup = 96D028771DC4880A0069AEB4;
			productRefGroup = 96D028811DC4880A0069AEB4 /* Products */;
			projectDirPath = "";
			projectRoot = "";
			targets = (
				96D0287F1DC4880A0069AEB4 /* CoreData */,
			);
		};
/* End PBXProject section */

/* Begin PBXResourcesBuildPhase section */
		96D0287E1DC4880A0069AEB4 /* Resources */ = {
			isa = PBXResourcesBuildPhase;
			buildActionMask = 2147483647;
			files = (
				96734B701DC6541A00B62FAE /* Main.storyboard in Resources */,
				96D028961DC4880A0069AEB4 /* LaunchScreen.storyboard in Resources */,
				96D028931DC4880A0069AEB4 /* Assets.xcassets in Resources */,
			);
			runOnlyForDeploymentPostprocessing = 0;
		};
/* End PBXResourcesBuildPhase section */

/* Begin PBXSourcesBuildPhase section */
		96D0287C1DC4880A0069AEB4 /* Sources */ = {
			isa = PBXSourcesBuildPhase;
			buildActionMask = 2147483647;
			files = (
				9692B5331DC8E59000D0BD00 /* User.m in Sources */,
				9692B5321DC8E59000D0BD00 /* User+CoreDataProperties.m in Sources */,
				9692B5311DC8E59000D0BD00 /* Course.m in Sources */,
				9692B52F1DC8E59000D0BD00 /* Teacher.m in Sources */,
				9692B5211DC8E50B00D0BD00 /* CourseTableViewController.m in Sources */,
				9692B5301DC8E59000D0BD00 /* Course+CoreDataProperties.m in Sources */,
				969A43601DC9FD8500B16FB8 /* TeacherTableViewController.m in Sources */,
				96D028B31DC500FE0069AEB4 /* AddUserViewController.m in Sources */,
				96D028911DC4880A0069AEB4 /* CoreData.xcdatamodeld in Sources */,
				96D028A61DC4A1000069AEB4 /* DataManager.m in Sources */,
				9692B5371DC8EDCC00D0BD00 /* AddCoursesViewController.m in Sources */,
				96D028881DC4880A0069AEB4 /* AppDelegate.m in Sources */,
				969A43631DC9FEF800B16FB8 /* AddTeacherViewController.m in Sources */,
				9692B5401DC90AD900D0BD00 /* ManagerTableViewController.m in Sources */,
				96D0289F1DC48F1A0069AEB4 /* MainUserController.m in Sources */,
				96D028851DC4880A0069AEB4 /* main.m in Sources */,
				9692B53A1DC8F45500D0BD00 /* CourseCell.m in Sources */,
				9692B53D1DC8FD1400D0BD00 /* AddUserCell.m in Sources */,
				96D028B91DC507AC0069AEB4 /* UserCell.m in Sources */,
				96D028B01DC4FBA30069AEB4 /* MainTableViewController.m in Sources */,
				9692B52E1DC8E59000D0BD00 /* Teacher+CoreDataProperties.m in Sources */,
			);
			runOnlyForDeploymentPostprocessing = 0;
		};
/* End PBXSourcesBuildPhase section */

/* Begin PBXVariantGroup section */
		96734B6E1DC6541A00B62FAE /* Main.storyboard */ = {
			isa = PBXVariantGroup;
			children = (
				96734B6F1DC6541A00B62FAE /* Base */,
			);
			name = Main.storyboard;
			sourceTree = "<group>";
		};
		96D028941DC4880A0069AEB4 /* LaunchScreen.storyboard */ = {
			isa = PBXVariantGroup;
			children = (
				96D028951DC4880A0069AEB4 /* Base */,
			);
			name = LaunchScreen.storyboard;
			sourceTree = "<group>";
		};
/* End PBXVariantGroup section */

/* Begin XCBuildConfiguration section */
		96D028981DC4880A0069AEB4 /* Debug */ = {
			isa = XCBuildConfiguration;
			buildSettings = {
				ALWAYS_SEARCH_USER_PATHS = NO;
				CLANG_ANALYZER_NONNULL = YES;
				CLANG_CXX_LANGUAGE_STANDARD = "gnu++0x";
				CLANG_CXX_LIBRARY = "libc++";
				CLANG_ENABLE_MODULES = YES;
				CLANG_ENABLE_OBJC_ARC = YES;
				CLANG_WARN_BOOL_CONVERSION = YES;
				CLANG_WARN_CONSTANT_CONVERSION = YES;
				CLANG_WARN_DIRECT_OBJC_ISA_USAGE = YES_ERROR;
				CLANG_WARN_EMPTY_BODY = YES;
				CLANG_WARN_ENUM_CONVERSION = YES;
				CLANG_WARN_INT_CONVERSION = YES;
				CLANG_WARN_OBJC_ROOT_CLASS = YES_ERROR;
				CLANG_WARN_UNREACHABLE_CODE = YES;
				CLANG_WARN__DUPLICATE_METHOD_MATCH = YES;
				"CODE_SIGN_IDENTITY[sdk=iphoneos*]" = "iPhone Developer";
				COPY_PHASE_STRIP = NO;
				DEBUG_INFORMATION_FORMAT = dwarf;
				ENABLE_STRICT_OBJC_MSGSEND = YES;
				ENABLE_TESTABILITY = YES;
				GCC_C_LANGUAGE_STANDARD = gnu99;
				GCC_DYNAMIC_NO_PIC = NO;
				GCC_NO_COMMON_BLOCKS = YES;
				GCC_OPTIMIZATION_LEVEL = 0;
				GCC_PREPROCESSOR_DEFINITIONS = (
					"DEBUG=1",
					"$(inherited)",
				);
				GCC_WARN_64_TO_32_BIT_CONVERSION = YES;
				GCC_WARN_ABOUT_RETURN_TYPE = YES_ERROR;
				GCC_WARN_UNDECLARED_SELECTOR = YES;
				GCC_WARN_UNINITIALIZED_AUTOS = YES_AGGRESSIVE;
				GCC_WARN_UNUSED_FUNCTION = YES;
				GCC_WARN_UNUSED_VARIABLE = YES;
				IPHONEOS_DEPLOYMENT_TARGET = 9.3;
				MTL_ENABLE_DEBUG_INFO = YES;
				ONLY_ACTIVE_ARCH = YES;
				SDKROOT = iphoneos;
				TARGETED_DEVICE_FAMILY = "1,2";
			};
			name = Debug;
		};
		96D028991DC4880A0069AEB4 /* Release */ = {
			isa = XCBuildConfiguration;
			buildSettings = {
				ALWAYS_SEARCH_USER_PATHS = NO;
				CLANG_ANALYZER_NONNULL = YES;
				CLANG_CXX_LANGUAGE_STANDARD = "gnu++0x";
				CLANG_CXX_LIBRARY = "libc++";
				CLANG_ENABLE_MODULES = YES;
				CLANG_ENABLE_OBJC_ARC = YES;
				CLANG_WARN_BOOL_CONVERSION = YES;
				CLANG_WARN_CONSTANT_CONVERSION = YES;
				CLANG_WARN_DIRECT_OBJC_ISA_USAGE = YES_ERROR;
				CLANG_WARN_EMPTY_BODY = YES;
				CLANG_WARN_ENUM_CONVERSION = YES;
				CLANG_WARN_INT_CONVERSION = YES;
				CLANG_WARN_OBJC_ROOT_CLASS = YES_ERROR;
				CLANG_WARN_UNREACHABLE_CODE = YES;
				CLANG_WARN__DUPLICATE_METHOD_MATCH = YES;
				"CODE_SIGN_IDENTITY[sdk=iphoneos*]" = "iPhone Developer";
				COPY_PHASE_STRIP = NO;
				DEBUG_INFORMATION_FORMAT = "dwarf-with-dsym";
				ENABLE_NS_ASSERTIONS = NO;
				ENABLE_STRICT_OBJC_MSGSEND = YES;
				GCC_C_LANGUAGE_STANDARD = gnu99;
				GCC_NO_COMMON_BLOCKS = YES;
				GCC_WARN_64_TO_32_BIT_CONVERSION = YES;
				GCC_WARN_ABOUT_RETURN_TYPE = YES_ERROR;
				GCC_WARN_UNDECLARED_SELECTOR = YES;
				GCC_WARN_UNINITIALIZED_AUTOS = YES_AGGRESSIVE;
				GCC_WARN_UNUSED_FUNCTION = YES;
				GCC_WARN_UNUSED_VARIABLE = YES;
				IPHONEOS_DEPLOYMENT_TARGET = 9.3;
				MTL_ENABLE_DEBUG_INFO = NO;
				SDKROOT = iphoneos;
				TARGETED_DEVICE_FAMILY = "1,2";
				VALIDATE_PRODUCT = YES;
			};
			name = Release;
		};
		96D0289B1DC4880A0069AEB4 /* Debug */ = {
			isa = XCBuildConfiguration;
			buildSettings = {
				ASSETCATALOG_COMPILER_APPICON_NAME = AppIcon;
				INFOPLIST_FILE = CoreData/Info.plist;
				LD_RUNPATH_SEARCH_PATHS = "$(inherited) @executable_path/Frameworks";
				PRODUCT_BUNDLE_IDENTIFIER = com.EFCompany.CoreData;
				PRODUCT_NAME = "$(TARGET_NAME)";
			};
			name = Debug;
		};
		96D0289C1DC4880A0069AEB4 /* Release */ = {
			isa = XCBuildConfiguration;
			buildSettings = {
				ASSETCATALOG_COMPILER_APPICON_NAME = AppIcon;
				INFOPLIST_FILE = CoreData/Info.plist;
				LD_RUNPATH_SEARCH_PATHS = "$(inherited) @executable_path/Frameworks";
				PRODUCT_BUNDLE_IDENTIFIER = com.EFCompany.CoreData;
				PRODUCT_NAME = "$(TARGET_NAME)";
			};
			name = Release;
		};
/* End XCBuildConfiguration section */

/* Begin XCConfigurationList section */
		96D0287B1DC4880A0069AEB4 /* Build configuration list for PBXProject "CoreData" */ = {
			isa = XCConfigurationList;
			buildConfigurations = (
				96D028981DC4880A0069AEB4 /* Debug */,
				96D028991DC4880A0069AEB4 /* Release */,
			);
			defaultConfigurationIsVisible = 0;
			defaultConfigurationName = Release;
		};
		96D0289A1DC4880A0069AEB4 /* Build configuration list for PBXNativeTarget "CoreData" */ = {
			isa = XCConfigurationList;
			buildConfigurations = (
				96D0289B1DC4880A0069AEB4 /* Debug */,
				96D0289C1DC4880A0069AEB4 /* Release */,
			);
			defaultConfigurationIsVisible = 0;
			defaultConfigurationName = Release;
		};
/* End XCConfigurationList section */

/* Begin XCVersionGroup section */
		96D0288F1DC4880A0069AEB4 /* CoreData.xcdatamodeld */ = {
			isa = XCVersionGroup;
			children = (
				96D028901DC4880A0069AEB4 /* CoreData.xcdatamodel */,
			);
			currentVersion = 96D028901DC4880A0069AEB4 /* CoreData.xcdatamodel */;
			path = CoreData.xcdatamodeld;
			sourceTree = "<group>";
			versionGroupType = wrapper.xcdatamodel;
		};
/* End XCVersionGroup section */
	};
	rootObject = 96D028781DC4880A0069AEB4 /* Project object */;
}
